{
  "name": "eslint-plugin-modelbest",
  "version": "0.0.1",
  "lockfileVersion": 2,
  "requires": true,
  "packages": {
    "": {
      "name": "eslint-plugin-modelbest",
      "version": "0.0.1",
      "license": "MIT",
      "dependencies": {
        "@typescript-eslint/utils": "^5.61.0",
        "nr": "^0.1.0"
      },
      "devDependencies": {
        "@types/node": "^20.3.3",
        "unbuild": "^1.2.1",
        "vitest": "^0.32.4"
      }
    },
    "../../node_modules/.pnpm/@types+node@20.3.3/node_modules/@types/node": {
      "version": "20.3.3",
      "dev": true,
      "license": "MIT"
    },
    "../../node_modules/.pnpm/@typescript-eslint+utils@5.61.0_eslint@8.44.0_typescript@5.1.6/node_modules/@typescript-eslint/utils": {
      "version": "5.61.0",
      "license": "MIT",
      "dependencies": {
        "@eslint-community/eslint-utils": "^4.2.0",
        "@types/json-schema": "^7.0.9",
        "@types/semver": "^7.3.12",
        "@typescript-eslint/scope-manager": "5.61.0",
        "@typescript-eslint/types": "5.61.0",
        "@typescript-eslint/typescript-estree": "5.61.0",
        "eslint-scope": "^5.1.1",
        "semver": "^7.3.7"
      },
      "devDependencies": {
        "@typescript-eslint/parser": "5.61.0",
        "typescript": "*"
      },
      "engines": {
        "node": "^12.22.0 || ^14.17.0 || >=16.0.0"
      },
      "funding": {
        "type": "opencollective",
        "url": "https://opencollective.com/typescript-eslint"
      },
      "peerDependencies": {
        "eslint": "^6.0.0 || ^7.0.0 || ^8.0.0"
      }
    },
    "../../node_modules/.pnpm/unbuild@1.2.1/node_modules/unbuild": {
      "version": "1.2.1",
      "dev": true,
      "license": "MIT",
      "dependencies": {
        "@rollup/plugin-alias": "^5.0.0",
        "@rollup/plugin-commonjs": "^24.1.0",
        "@rollup/plugin-json": "^6.0.0",
        "@rollup/plugin-node-resolve": "^15.0.2",
        "@rollup/plugin-replace": "^5.0.2",
        "@rollup/pluginutils": "^5.0.2",
        "chalk": "^5.2.0",
        "consola": "^3.0.2",
        "defu": "^6.1.2",
        "esbuild": "^0.17.16",
        "globby": "^13.1.4",
        "hookable": "^5.5.3",
        "jiti": "^1.18.2",
        "magic-string": "^0.30.0",
        "mkdist": "^1.2.0",
        "mlly": "^1.2.0",
        "mri": "^1.2.0",
        "pathe": "^1.1.0",
        "pkg-types": "^1.0.2",
        "pretty-bytes": "^6.1.0",
        "rollup": "^3.20.2",
        "rollup-plugin-dts": "^5.3.0",
        "scule": "^1.0.0",
        "typescript": "^5.0.4",
        "untyped": "^1.3.2"
      },
      "bin": {
        "unbuild": "dist/cli.mjs"
      },
      "devDependencies": {
        "@types/mri": "^1.1.1",
        "@types/node": "^18.15.11",
        "@vitest/coverage-c8": "^0.30.1",
        "changelogen": "^0.5.3",
        "eslint": "^8.38.0",
        "eslint-config-unjs": "^0.1.0",
        "prettier": "^2.8.7",
        "vitest": "^0.30.1"
      }
    },
    "../../node_modules/.pnpm/vitest@0.32.4/node_modules/vitest": {
      "version": "0.32.4",
      "dev": true,
      "license": "MIT",
      "dependencies": {
        "@types/chai": "^4.3.5",
        "@types/chai-subset": "^1.3.3",
        "@types/node": "*",
        "@vitest/expect": "0.32.4",
        "@vitest/runner": "0.32.4",
        "@vitest/snapshot": "0.32.4",
        "@vitest/spy": "0.32.4",
        "@vitest/utils": "0.32.4",
        "acorn": "^8.9.0",
        "acorn-walk": "^8.2.0",
        "cac": "^6.7.14",
        "chai": "^4.3.7",
        "debug": "^4.3.4",
        "local-pkg": "^0.4.3",
        "magic-string": "^0.30.0",
        "pathe": "^1.1.1",
        "picocolors": "^1.0.0",
        "std-env": "^3.3.3",
        "strip-literal": "^1.0.1",
        "tinybench": "^2.5.0",
        "tinypool": "^0.5.0",
        "vite": "^3.0.0 || ^4.0.0",
        "vite-node": "0.32.4",
        "why-is-node-running": "^2.2.2"
      },
      "bin": {
        "vitest": "vitest.mjs"
      },
      "devDependencies": {
        "@ampproject/remapping": "^2.2.1",
        "@antfu/install-pkg": "^0.1.1",
        "@edge-runtime/vm": "3.0.3",
        "@jridgewell/trace-mapping": "^0.3.18",
        "@sinonjs/fake-timers": "^11.0.0",
        "@types/diff": "^5.0.3",
        "@types/estree": "^1.0.1",
        "@types/istanbul-lib-coverage": "^2.0.4",
        "@types/istanbul-reports": "^3.0.1",
        "@types/jsdom": "^21.1.1",
        "@types/micromatch": "^4.0.2",
        "@types/prompts": "^2.4.4",
        "@types/sinonjs__fake-timers": "^8.1.2",
        "birpc": "0.2.12",
        "chai-subset": "^1.6.0",
        "cli-truncate": "^3.1.0",
        "event-target-polyfill": "^0.0.3",
        "execa": "^7.1.1",
        "expect-type": "^0.16.0",
        "fast-glob": "^3.2.12",
        "find-up": "^6.3.0",
        "flatted": "^3.2.7",
        "get-tsconfig": "^4.6.2",
        "happy-dom": "^9.20.3",
        "jsdom": "^22.1.0",
        "log-update": "^5.0.1",
        "micromatch": "^4.0.5",
        "mlly": "^1.4.0",
        "p-limit": "^4.0.0",
        "pkg-types": "^1.0.3",
        "playwright": "^1.35.1",
        "pretty-format": "^29.5.0",
        "prompts": "^2.4.2",
        "safaridriver": "^0.0.5",
        "strip-ansi": "^7.1.0",
        "webdriverio": "^8.11.2",
        "ws": "^8.13.0"
      },
      "engines": {
        "node": ">=v14.18.0"
      },
      "funding": {
        "url": "https://opencollective.com/vitest"
      },
      "peerDependencies": {
        "@edge-runtime/vm": "*",
        "@vitest/browser": "*",
        "@vitest/ui": "*",
        "happy-dom": "*",
        "jsdom": "*",
        "playwright": "*",
        "safaridriver": "*",
        "webdriverio": "*"
      },
      "peerDependenciesMeta": {
        "@edge-runtime/vm": {
          "optional": true
        },
        "@vitest/browser": {
          "optional": true
        },
        "@vitest/ui": {
          "optional": true
        },
        "happy-dom": {
          "optional": true
        },
        "jsdom": {
          "optional": true
        },
        "playwright": {
          "optional": true
        },
        "safaridriver": {
          "optional": true
        },
        "webdriverio": {
          "optional": true
        }
      }
    },
    "node_modules/@types/node": {
      "resolved": "../../node_modules/.pnpm/@types+node@20.3.3/node_modules/@types/node",
      "link": true
    },
    "node_modules/@typescript-eslint/utils": {
      "resolved": "../../node_modules/.pnpm/@typescript-eslint+utils@5.61.0_eslint@8.44.0_typescript@5.1.6/node_modules/@typescript-eslint/utils",
      "link": true
    },
    "node_modules/commander": {
      "version": "2.20.3",
      "resolved": "https://registry.npmjs.org/commander/-/commander-2.20.3.tgz",
      "integrity": "sha512-GpVkmM8vF2vQUkj2LvZmD35JxeJOLCwJ9cUkugyk2nuhbv3+mJvpLYYt+0+USMxE+oj+ey/lJEnhZw75x/OMcQ=="
    },
    "node_modules/deep-extend": {
      "version": "0.2.11",
      "resolved": "https://registry.npmjs.org/deep-extend/-/deep-extend-0.2.11.tgz",
      "integrity": "sha512-t2N+4ihO7YgydJOUI47I6GdXpONJ+jUZmYeTNiifALaEduiCja1mKcq3tuSp0RhA9mMfxdMN3YskpwB7puMAtw==",
      "engines": {
        "node": ">=0.4"
      }
    },
    "node_modules/ini": {
      "version": "1.3.8",
      "resolved": "https://registry.npmjs.org/ini/-/ini-1.3.8.tgz",
      "integrity": "sha512-JV/yugV2uzW5iMRSiZAyDtQd+nxtUnjeLt0acNdw98kKLrvuRVyB80tsREOE7yvGVgalhZ6RNXCmEHkUKBKxew=="
    },
    "node_modules/minimist": {
      "version": "0.0.10",
      "resolved": "https://registry.npmjs.org/minimist/-/minimist-0.0.10.tgz",
      "integrity": "sha512-iotkTvxc+TwOm5Ieim8VnSNvCDjCK9S8G3scJ50ZthspSxa7jx50jkhYduuAtAjvfDUwSgOwf8+If99AlOEhyw=="
    },
    "node_modules/nr": {
      "version": "0.1.0",
      "resolved": "https://registry.npmjs.org/nr/-/nr-0.1.0.tgz",
      "integrity": "sha512-SQtRvg8NJFR4O5l5+CLdxy71KCcKUU/JfbTm8Hee9UXKbkJi7XNK3xZBl/MkvVvZYMsYbflW1gB2T7RdblvTeA==",
      "dependencies": {
        "commander": "^2.3.0",
        "rc": "^0.5.1"
      },
      "bin": {
        "nr": "bin/nr"
      }
    },
    "node_modules/rc": {
      "version": "0.5.5",
      "resolved": "https://registry.npmjs.org/rc/-/rc-0.5.5.tgz",
      "integrity": "sha512-QkkuJHJX7fh7nCFLPIZ9h/E2/V9ZULgH3GsQtS1N2ZbHYmRtp+ZE37mB79ZlFa/AM0zoE8qjzTpeu8Rwer00ug==",
      "dependencies": {
        "deep-extend": "~0.2.5",
        "ini": "~1.3.0",
        "minimist": "~0.0.7",
        "strip-json-comments": "0.1.x"
      },
      "bin": {
        "rc": "index.js"
      }
    },
    "node_modules/strip-json-comments": {
      "version": "0.1.3",
      "resolved": "https://registry.npmjs.org/strip-json-comments/-/strip-json-comments-0.1.3.tgz",
      "integrity": "sha512-d2RPtrkLs8TurFFAIhW8IdM0+cOq+QFETWBGKHO+93eZ4Zt4P1CeJB5LHKW4EfEwabEpPL8/UTO3QX94+lqxwQ==",
      "bin": {
        "strip-json-comments": "cli.js"
      },
      "engines": {
        "node": ">=0.8.0"
      }
    },
    "node_modules/unbuild": {
      "resolved": "../../node_modules/.pnpm/unbuild@1.2.1/node_modules/unbuild",
      "link": true
    },
    "node_modules/vitest": {
      "resolved": "../../node_modules/.pnpm/vitest@0.32.4/node_modules/vitest",
      "link": true
    }
  },
  "dependencies": {
    "@types/node": {
      "version": "file:../../node_modules/.pnpm/@types+node@20.3.3/node_modules/@types/node"
    },
    "@typescript-eslint/utils": {
      "version": "file:../../node_modules/.pnpm/@typescript-eslint+utils@5.61.0_eslint@8.44.0_typescript@5.1.6/node_modules/@typescript-eslint/utils",
      "requires": {
        "@eslint-community/eslint-utils": "^4.2.0",
        "@types/json-schema": "^7.0.9",
        "@types/semver": "^7.3.12",
        "@typescript-eslint/parser": "5.61.0",
        "@typescript-eslint/scope-manager": "5.61.0",
        "@typescript-eslint/types": "5.61.0",
        "@typescript-eslint/typescript-estree": "5.61.0",
        "eslint-scope": "^5.1.1",
        "semver": "^7.3.7",
        "typescript": "*"
      }
    },
    "commander": {
      "version": "2.20.3",
      "resolved": "https://registry.npmjs.org/commander/-/commander-2.20.3.tgz",
      "integrity": "sha512-GpVkmM8vF2vQUkj2LvZmD35JxeJOLCwJ9cUkugyk2nuhbv3+mJvpLYYt+0+USMxE+oj+ey/lJEnhZw75x/OMcQ=="
    },
    "deep-extend": {
      "version": "0.2.11",
      "resolved": "https://registry.npmjs.org/deep-extend/-/deep-extend-0.2.11.tgz",
      "integrity": "sha512-t2N+4ihO7YgydJOUI47I6GdXpONJ+jUZmYeTNiifALaEduiCja1mKcq3tuSp0RhA9mMfxdMN3YskpwB7puMAtw=="
    },
    "ini": {
      "version": "1.3.8",
      "resolved": "https://registry.npmjs.org/ini/-/ini-1.3.8.tgz",
      "integrity": "sha512-JV/yugV2uzW5iMRSiZAyDtQd+nxtUnjeLt0acNdw98kKLrvuRVyB80tsREOE7yvGVgalhZ6RNXCmEHkUKBKxew=="
    },
    "minimist": {
      "version": "0.0.10",
      "resolved": "https://registry.npmjs.org/minimist/-/minimist-0.0.10.tgz",
      "integrity": "sha512-iotkTvxc+TwOm5Ieim8VnSNvCDjCK9S8G3scJ50ZthspSxa7jx50jkhYduuAtAjvfDUwSgOwf8+If99AlOEhyw=="
    },
    "nr": {
      "version": "0.1.0",
      "resolved": "https://registry.npmjs.org/nr/-/nr-0.1.0.tgz",
      "integrity": "sha512-SQtRvg8NJFR4O5l5+CLdxy71KCcKUU/JfbTm8Hee9UXKbkJi7XNK3xZBl/MkvVvZYMsYbflW1gB2T7RdblvTeA==",
      "requires": {
        "commander": "^2.3.0",
        "rc": "^0.5.1"
      }
    },
    "rc": {
      "version": "0.5.5",
      "resolved": "https://registry.npmjs.org/rc/-/rc-0.5.5.tgz",
      "integrity": "sha512-QkkuJHJX7fh7nCFLPIZ9h/E2/V9ZULgH3GsQtS1N2ZbHYmRtp+ZE37mB79ZlFa/AM0zoE8qjzTpeu8Rwer00ug==",
      "requires": {
        "deep-extend": "~0.2.5",
        "ini": "~1.3.0",
        "minimist": "~0.0.7",
        "strip-json-comments": "0.1.x"
      }
    },
    "strip-json-comments": {
      "version": "0.1.3",
      "resolved": "https://registry.npmjs.org/strip-json-comments/-/strip-json-comments-0.1.3.tgz",
      "integrity": "sha512-d2RPtrkLs8TurFFAIhW8IdM0+cOq+QFETWBGKHO+93eZ4Zt4P1CeJB5LHKW4EfEwabEpPL8/UTO3QX94+lqxwQ=="
    },
    "unbuild": {
      "version": "file:../../node_modules/.pnpm/unbuild@1.2.1/node_modules/unbuild",
      "requires": {
        "@rollup/plugin-alias": "^5.0.0",
        "@rollup/plugin-commonjs": "^24.1.0",
        "@rollup/plugin-json": "^6.0.0",
        "@rollup/plugin-node-resolve": "^15.0.2",
        "@rollup/plugin-replace": "^5.0.2",
        "@rollup/pluginutils": "^5.0.2",
        "@types/mri": "^1.1.1",
        "@types/node": "^18.15.11",
        "@vitest/coverage-c8": "^0.30.1",
        "chalk": "^5.2.0",
        "changelogen": "^0.5.3",
        "consola": "^3.0.2",
        "defu": "^6.1.2",
        "esbuild": "^0.17.16",
        "eslint": "^8.38.0",
        "eslint-config-unjs": "^0.1.0",
        "globby": "^13.1.4",
        "hookable": "^5.5.3",
        "jiti": "^1.18.2",
        "magic-string": "^0.30.0",
        "mkdist": "^1.2.0",
        "mlly": "^1.2.0",
        "mri": "^1.2.0",
        "pathe": "^1.1.0",
        "pkg-types": "^1.0.2",
        "prettier": "^2.8.7",
        "pretty-bytes": "^6.1.0",
        "rollup": "^3.20.2",
        "rollup-plugin-dts": "^5.3.0",
        "scule": "^1.0.0",
        "typescript": "^5.0.4",
        "untyped": "^1.3.2",
        "vitest": "^0.30.1"
      }
    },
    "vitest": {
      "version": "file:../../node_modules/.pnpm/vitest@0.32.4/node_modules/vitest",
      "requires": {
        "@ampproject/remapping": "^2.2.1",
        "@antfu/install-pkg": "^0.1.1",
        "@edge-runtime/vm": "3.0.3",
        "@jridgewell/trace-mapping": "^0.3.18",
        "@sinonjs/fake-timers": "^11.0.0",
        "@types/chai": "^4.3.5",
        "@types/chai-subset": "^1.3.3",
        "@types/diff": "^5.0.3",
        "@types/estree": "^1.0.1",
        "@types/istanbul-lib-coverage": "^2.0.4",
        "@types/istanbul-reports": "^3.0.1",
        "@types/jsdom": "^21.1.1",
        "@types/micromatch": "^4.0.2",
        "@types/node": "*",
        "@types/prompts": "^2.4.4",
        "@types/sinonjs__fake-timers": "^8.1.2",
        "@vitest/expect": "0.32.4",
        "@vitest/runner": "0.32.4",
        "@vitest/snapshot": "0.32.4",
        "@vitest/spy": "0.32.4",
        "@vitest/utils": "0.32.4",
        "acorn": "^8.9.0",
        "acorn-walk": "^8.2.0",
        "birpc": "0.2.12",
        "cac": "^6.7.14",
        "chai": "^4.3.7",
        "chai-subset": "^1.6.0",
        "cli-truncate": "^3.1.0",
        "debug": "^4.3.4",
        "event-target-polyfill": "^0.0.3",
        "execa": "^7.1.1",
        "expect-type": "^0.16.0",
        "fast-glob": "^3.2.12",
        "find-up": "^6.3.0",
        "flatted": "^3.2.7",
        "get-tsconfig": "^4.6.2",
        "happy-dom": "^9.20.3",
        "jsdom": "^22.1.0",
        "local-pkg": "^0.4.3",
        "log-update": "^5.0.1",
        "magic-string": "^0.30.0",
        "micromatch": "^4.0.5",
        "mlly": "^1.4.0",
        "p-limit": "^4.0.0",
        "pathe": "^1.1.1",
        "picocolors": "^1.0.0",
        "pkg-types": "^1.0.3",
        "playwright": "^1.35.1",
        "pretty-format": "^29.5.0",
        "prompts": "^2.4.2",
        "safaridriver": "^0.0.5",
        "std-env": "^3.3.3",
        "strip-ansi": "^7.1.0",
        "strip-literal": "^1.0.1",
        "tinybench": "^2.5.0",
        "tinypool": "^0.5.0",
        "vite": "^3.0.0 || ^4.0.0",
        "vite-node": "0.32.4",
        "webdriverio": "^8.11.2",
        "why-is-node-running": "^2.2.2",
        "ws": "^8.13.0"
      }
    }
  }
}
